// !$*UTF8*$!
{
	archiveVersion = 1;
	classes = {
	};
	objectVersion = 46;
	objects = {

/* Begin PBXBuildFile section */
		1FFD93FE6A1A6F7FF5B986AA /* libPods-sportsMy.a in Frameworks */ = {isa = PBXBuildFile; fileRef = 0E406EE39D4395C1ABE36555 /* libPods-sportsMy.a */; };
		B15994F11EA9985000C96F67 /* main.m in Sources */ = {isa = PBXBuildFile; fileRef = B15994F01EA9985000C96F67 /* main.m */; };
		B15994F41EA9985000C96F67 /* AppDelegate.m in Sources */ = {isa = PBXBuildFile; fileRef = B15994F31EA9985000C96F67 /* AppDelegate.m */; };
		B15994FA1EA9985000C96F67 /* Main.storyboard in Resources */ = {isa = PBXBuildFile; fileRef = B15994F81EA9985000C96F67 /* Main.storyboard */; };
		B15994FC1EA9985000C96F67 /* Assets.xcassets in Resources */ = {isa = PBXBuildFile; fileRef = B15994FB1EA9985000C96F67 /* Assets.xcassets */; };
		B15994FF1EA9985000C96F67 /* LaunchScreen.storyboard in Resources */ = {isa = PBXBuildFile; fileRef = B15994FD1EA9985000C96F67 /* LaunchScreen.storyboard */; };
		B159950D1EA99FB700C96F67 /* MainViewController.m in Sources */ = {isa = PBXBuildFile; fileRef = B159950C1EA99FB700C96F67 /* MainViewController.m */; };
		B15995161EA9B5C000C96F67 /* trackModel.m in Sources */ = {isa = PBXBuildFile; fileRef = B15995151EA9B5C000C96F67 /* trackModel.m */; };
		B159951C1EA9CBCB00C96F67 /* myTrackController.m in Sources */ = {isa = PBXBuildFile; fileRef = B159951A1EA9CBCB00C96F67 /* myTrackController.m */; };
		B159951D1EA9CBCB00C96F67 /* myTrackController.xib in Resources */ = {isa = PBXBuildFile; fileRef = B159951B1EA9CBCB00C96F67 /* myTrackController.xib */; };
		B15995201EA9CBE700C96F67 /* MapViewController.m in Sources */ = {isa = PBXBuildFile; fileRef = B159951F1EA9CBE700C96F67 /* MapViewController.m */; };
		B1EC004B1EACC69A00EEDABE /* Mypolyline.m in Sources */ = {isa = PBXBuildFile; fileRef = B1EC004A1EACC69A00EEDABE /* Mypolyline.m */; };
/* End PBXBuildFile section */

/* Begin PBXFileReference section */
		0E406EE39D4395C1ABE36555 /* libPods-sportsMy.a */ = {isa = PBXFileReference; explicitFileType = archive.ar; includeInIndex = 0; path = "libPods-sportsMy.a"; sourceTree = BUILT_PRODUCTS_DIR; };
		94F53DC91B1804777C047268 /* Pods-sportsMy.release.xcconfig */ = {isa = PBXFileReference; includeInIndex = 1; lastKnownFileType = text.xcconfig; name = "Pods-sportsMy.release.xcconfig"; path = "Pods/Target Support Files/Pods-sportsMy/Pods-sportsMy.release.xcconfig"; sourceTree = "<group>"; };
		A751C88905035E820CA70552 /* Pods-sportsMy.debug.xcconfig */ = {isa = PBXFileReference; includeInIndex = 1; lastKnownFileType = text.xcconfig; name = "Pods-sportsMy.debug.xcconfig"; path = "Pods/Target Support Files/Pods-sportsMy/Pods-sportsMy.debug.xcconfig"; sourceTree = "<group>"; };
		B15994EC1EA9985000C96F67 /* sportsMy.app */ = {isa = PBXFileReference; explicitFileType = wrapper.application; includeInIndex = 0; path = sportsMy.app; sourceTree = BUILT_PRODUCTS_DIR; };
		B15994F01EA9985000C96F67 /* main.m */ = {isa = PBXFileReference; lastKnownFileType = sourcecode.c.objc; path = main.m; sourceTree = "<group>"; };
		B15994F21EA9985000C96F67 /* AppDelegate.h */ = {isa = PBXFileReference; lastKnownFileType = sourcecode.c.h; name = AppDelegate.h; path = ../../AppDelegate.h; sourceTree = "<group>"; };
		B15994F31EA9985000C96F67 /* AppDelegate.m */ = {isa = PBXFileReference; lastKnownFileType = sourcecode.c.objc; name = AppDelegate.m; path = ../../AppDelegate.m; sourceTree = "<group>"; };
		B15994F91EA9985000C96F67 /* Base */ = {isa = PBXFileReference; lastKnownFileType = file.storyboard; name = Base; path = Base.lproj/Main.storyboard; sourceTree = "<group>"; };
		B15994FB1EA9985000C96F67 /* Assets.xcassets */ = {isa = PBXFileReference; lastKnownFileType = folder.assetcatalog; path = Assets.xcassets; sourceTree = "<group>"; };
		B15994FE1EA9985000C96F67 /* Base */ = {isa = PBXFileReference; lastKnownFileType = file.storyboard; name = Base; path = Base.lproj/LaunchScreen.storyboard; sourceTree = "<group>"; };
		B15995001EA9985000C96F67 /* Info.plist */ = {isa = PBXFileReference; lastKnownFileType = text.plist.xml; path = Info.plist; sourceTree = "<group>"; };
		B159950B1EA99FB700C96F67 /* MainViewController.h */ = {isa = PBXFileReference; fileEncoding = 4; lastKnownFileType = sourcecode.c.h; path = MainViewController.h; sourceTree = "<group>"; };
		B159950C1EA99FB700C96F67 /* MainViewController.m */ = {isa = PBXFileReference; fileEncoding = 4; lastKnownFileType = sourcecode.c.objc; path = MainViewController.m; sourceTree = "<group>"; };
		B15995141EA9B5C000C96F67 /* trackModel.h */ = {isa = PBXFileReference; fileEncoding = 4; lastKnownFileType = sourcecode.c.h; path = trackModel.h; sourceTree = "<group>"; };
		B15995151EA9B5C000C96F67 /* trackModel.m */ = {isa = PBXFileReference; fileEncoding = 4; lastKnownFileType = sourcecode.c.objc; path = trackModel.m; sourceTree = "<group>"; };
		B15995191EA9CBCB00C96F67 /* myTrackController.h */ = {isa = PBXFileReference; fileEncoding = 4; lastKnownFileType = sourcecode.c.h; path = myTrackController.h; sourceTree = "<group>"; };
		B159951A1EA9CBCB00C96F67 /* myTrackController.m */ = {isa = PBXFileReference; fileEncoding = 4; lastKnownFileType = sourcecode.c.objc; path = myTrackController.m; sourceTree = "<group>"; };
		B159951B1EA9CBCB00C96F67 /* myTrackController.xib */ = {isa = PBXFileReference; fileEncoding = 4; lastKnownFileType = file.xib; path = myTrackController.xib; sourceTree = "<group>"; };
		B159951E1EA9CBE700C96F67 /* MapViewController.h */ = {isa = PBXFileReference; fileEncoding = 4; lastKnownFileType = sourcecode.c.h; path = MapViewController.h; sourceTree = "<group>"; };
		B159951F1EA9CBE700C96F67 /* MapViewController.m */ = {isa = PBXFileReference; fileEncoding = 4; lastKnownFileType = sourcecode.c.objc; path = MapViewController.m; sourceTree = "<group>"; };
		B1EC00491EACC69A00EEDABE /* Mypolyline.h */ = {isa = PBXFileReference; fileEncoding = 4; lastKnownFileType = sourcecode.c.h; path = Mypolyline.h; sourceTree = "<group>"; };
		B1EC004A1EACC69A00EEDABE /* Mypolyline.m */ = {isa = PBXFileReference; fileEncoding = 4; lastKnownFileType = sourcecode.c.objc; path = Mypolyline.m; sourceTree = "<group>"; };
/* End PBXFileReference section */

/* Begin PBXFrameworksBuildPhase section */
		B15994E91EA9985000C96F67 /* Frameworks */ = {
			isa = PBXFrameworksBuildPhase;
			buildActionMask = 2147483647;
			files = (
				1FFD93FE6A1A6F7FF5B986AA /* libPods-sportsMy.a in Frameworks */,
			);
			runOnlyForDeploymentPostprocessing = 0;
		};
/* End PBXFrameworksBuildPhase section */

/* Begin PBXGroup section */
		1094257E928B769964DCD896 /* Frameworks */ = {
			isa = PBXGroup;
			children = (
				0E406EE39D4395C1ABE36555 /* libPods-sportsMy.a */,
			);
			name = Frameworks;
			sourceTree = "<group>";
		};
		B15994E31EA9985000C96F67 = {
			isa = PBXGroup;
			children = (
				B15994EE1EA9985000C96F67 /* sportsMy */,
				B15994ED1EA9985000C96F67 /* Products */,
				E9EBAE81A2268B8809824E53 /* Pods */,
				1094257E928B769964DCD896 /* Frameworks */,
			);
			sourceTree = "<group>";
		};
		B15994ED1EA9985000C96F67 /* Products */ = {
			isa = PBXGroup;
			children = (
				B15994EC1EA9985000C96F67 /* sportsMy.app */,
			);
			name = Products;
			sourceTree = "<group>";
		};
		B15994EE1EA9985000C96F67 /* sportsMy */ = {
			isa = PBXGroup;
			children = (
				B15995061EA998D000C96F67 /* Classes */,
				B15994FB1EA9985000C96F67 /* Assets.xcassets */,
				B15994FD1EA9985000C96F67 /* LaunchScreen.storyboard */,
				B15995001EA9985000C96F67 /* Info.plist */,
				B15994EF1EA9985000C96F67 /* Supporting Files */,
			);
			path = sportsMy;
			sourceTree = "<group>";
		};
		B15994EF1EA9985000C96F67 /* Supporting Files */ = {
			isa = PBXGroup;
			children = (
				B15994F01EA9985000C96F67 /* main.m */,
			);
			name = "Supporting Files";
			sourceTree = "<group>";
		};
		B15995061EA998D000C96F67 /* Classes */ = {
			isa = PBXGroup;
			children = (
				B15995071EA998D000C96F67 /* controllers */,
				B15995081EA998D000C96F67 /* main */,
				B15995091EA998D000C96F67 /* models */,
				B159950A1EA998D000C96F67 /* views */,
			);
			path = Classes;
			sourceTree = "<group>";
		};
		B15995071EA998D000C96F67 /* controllers */ = {
			isa = PBXGroup;
			children = (
				B1EC004C1EACFCC300EEDABE /* mainSport */,
				B15995171EA9CBCB00C96F67 /* track */,
			);
			path = controllers;
			sourceTree = "<group>";
		};
		B15995081EA998D000C96F67 /* main */ = {
			isa = PBXGroup;
			children = (
				B15994F21EA9985000C96F67 /* AppDelegate.h */,
				B15994F31EA9985000C96F67 /* AppDelegate.m */,
				B15994F81EA9985000C96F67 /* Main.storyboard */,
				B159950B1EA99FB700C96F67 /* MainViewController.h */,
				B159950C1EA99FB700C96F67 /* MainViewController.m */,
			);
			path = main;
			sourceTree = "<group>";
		};
		B15995091EA998D000C96F67 /* models */ = {
			isa = PBXGroup;
			children = (
				B1EC00491EACC69A00EEDABE /* Mypolyline.h */,
				B1EC004A1EACC69A00EEDABE /* Mypolyline.m */,
				B15995141EA9B5C000C96F67 /* trackModel.h */,
				B15995151EA9B5C000C96F67 /* trackModel.m */,
			);
			path = models;
			sourceTree = "<group>";
		};
		B159950A1EA998D000C96F67 /* views */ = {
			isa = PBXGroup;
			children = (
			);
			path = views;
			sourceTree = "<group>";
		};
		B15995171EA9CBCB00C96F67 /* track */ = {
			isa = PBXGroup;
			children = (
				B15995191EA9CBCB00C96F67 /* myTrackController.h */,
				B159951A1EA9CBCB00C96F67 /* myTrackController.m */,
				B159951B1EA9CBCB00C96F67 /* myTrackController.xib */,
				B15995181EA9CBCB00C96F67 /* map */,
			);
			path = track;
			sourceTree = "<group>";
		};
		B15995181EA9CBCB00C96F67 /* map */ = {
			isa = PBXGroup;
			children = (
				B159951E1EA9CBE700C96F67 /* MapViewController.h */,
				B159951F1EA9CBE700C96F67 /* MapViewController.m */,
			);
			path = map;
			sourceTree = "<group>";
		};
		B1EC004C1EACFCC300EEDABE /* mainSport */ = {
			isa = PBXGroup;
			children = (
			);
			path = mainSport;
			sourceTree = "<group>";
		};
		E9EBAE81A2268B8809824E53 /* Pods */ = {
			isa = PBXGroup;
			children = (
				A751C88905035E820CA70552 /* Pods-sportsMy.debug.xcconfig */,
				94F53DC91B1804777C047268 /* Pods-sportsMy.release.xcconfig */,
			);
			name = Pods;
			sourceTree = "<group>";
		};
/* End PBXGroup section */

/* Begin PBXNativeTarget section */
		B15994EB1EA9985000C96F67 /* sportsMy */ = {
			isa = PBXNativeTarget;
			buildConfigurationList = B15995031EA9985000C96F67 /* Build configuration list for PBXNativeTarget "sportsMy" */;
			buildPhases = (
				DBC5536D7AB65BAE71CF0D93 /* [CP] Check Pods Manifest.lock */,
				B15994E81EA9985000C96F67 /* Sources */,
				B15994E91EA9985000C96F67 /* Frameworks */,
				B15994EA1EA9985000C96F67 /* Resources */,
				1DAE2C49B104E028E744FA90 /* [CP] Embed Pods Frameworks */,
				A1EEA67D03955343C128C3BF /* [CP] Copy Pods Resources */,
			);
			buildRules = (
			);
			dependencies = (
			);
			name = sportsMy;
			productName = sportsMy;
			productReference = B15994EC1EA9985000C96F67 /* sportsMy.app */;
			productType = "com.apple.product-type.application";
		};
/* End PBXNativeTarget section */

/* Begin PBXProject section */
		B15994E41EA9985000C96F67 /* Project object */ = {
			isa = PBXProject;
			attributes = {
				LastUpgradeCheck = 0820;
				ORGANIZATIONNAME = omychic;
				TargetAttributes = {
					B15994EB1EA9985000C96F67 = {
						CreatedOnToolsVersion = 8.2;
						DevelopmentTeam = C395G32AFM;
						ProvisioningStyle = Automatic;
						SystemCapabilities = {
							com.apple.BackgroundModes = {
								enabled = 1;
							};
						};
					};
				};
			};
			buildConfigurationList = B15994E71EA9985000C96F67 /* Build configuration list for PBXProject "sportsMy" */;
			compatibilityVersion = "Xcode 3.2";
			developmentRegion = English;
			hasScannedForEncodings = 0;
			knownRegions = (
				en,
				Base,
			);
			mainGroup = B15994E31EA9985000C96F67;
			productRefGroup = B15994ED1EA9985000C96F67 /* Products */;
			projectDirPath = "";
			projectRoot = "";
			targets = (
				B15994EB1EA9985000C96F67 /* sportsMy */,
			);
		};
/* End PBXProject section */

/* Begin PBXResourcesBuildPhase section */
		B15994EA1EA9985000C96F67 /* Resources */ = {
			isa = PBXResourcesBuildPhase;
			buildActionMask = 2147483647;
			files = (
				B15994FF1EA9985000C96F67 /* LaunchScreen.storyboard in Resources */,
				B159951D1EA9CBCB00C96F67 /* myTrackController.xib in Resources */,
				B15994FC1EA9985000C96F67 /* Assets.xcassets in Resources */,
				B15994FA1EA9985000C96F67 /* Main.storyboard in Resources */,
			);
			runOnlyForDeploymentPostprocessing = 0;
		};
/* End PBXResourcesBuildPhase section */

/* Begin PBXShellScriptBuildPhase section */
		1DAE2C49B104E028E744FA90 /* [CP] Embed Pods Frameworks */ = {
			isa = PBXShellScriptBuildPhase;
			buildActionMask = 2147483647;
			files = (
			);
			inputPaths = (
			);
			name = "[CP] Embed Pods Frameworks";
			outputPaths = (
			);
			runOnlyForDeploymentPostprocessing = 0;
			shellPath = /bin/sh;
			shellScript = "\"${SRCROOT}/Pods/Target Support Files/Pods-sportsMy/Pods-sportsMy-frameworks.sh\"\n";
			showEnvVarsInLog = 0;
		};
		A1EEA67D03955343C128C3BF /* [CP] Copy Pods Resources */ = {
			isa = PBXShellScriptBuildPhase;
			buildActionMask = 2147483647;
			files = (
			);
			inputPaths = (
			);
			name = "[CP] Copy Pods Resources";
			outputPaths = (
			);
			runOnlyForDeploymentPostprocessing = 0;
			shellPath = /bin/sh;
			shellScript = "\"${SRCROOT}/Pods/Target Support Files/Pods-sportsMy/Pods-sportsMy-resources.sh\"\n";
			showEnvVarsInLog = 0;
		};
		DBC5536D7AB65BAE71CF0D93 /* [CP] Check Pods Manifest.lock */ = {
			isa = PBXShellScriptBuildPhase;
			buildActionMask = 2147483647;
			files = (
			);
			inputPaths = (
			);
			name = "[CP] Check Pods Manifest.lock";
			outputPaths = (
			);
			runOnlyForDeploymentPostprocessing = 0;
			shellPath = /bin/sh;
			shellScript = "diff \"${PODS_ROOT}/../Podfile.lock\" \"${PODS_ROOT}/Manifest.lock\" > /dev/null\nif [ $? != 0 ] ; then\n    # print error to STDERR\n    echo \"error: The sandbox is not in sync with the Podfile.lock. Run 'pod install' or update your CocoaPods installation.\" >&2\n    exit 1\nfi\n";
			showEnvVarsInLog = 0;
		};
/* End PBXShellScriptBuildPhase section */

/* Begin PBXSourcesBuildPhase section */
		B15994E81EA9985000C96F67 /* Sources */ = {
			isa = PBXSourcesBuildPhase;
			buildActionMask = 2147483647;
			files = (
				B15995161EA9B5C000C96F67 /* trackModel.m in Sources */,
				B1EC004B1EACC69A00EEDABE /* Mypolyline.m in Sources */,
				B15994F41EA9985000C96F67 /* AppDelegate.m in Sources */,
				B159950D1EA99FB700C96F67 /* MainViewController.m in Sources */,
				B15995201EA9CBE700C96F67 /* MapViewController.m in Sources */,
				B159951C1EA9CBCB00C96F67 /* myTrackController.m in Sources */,
				B15994F11EA9985000C96F67 /* main.m in Sources */,
			);
			runOnlyForDeploymentPostprocessing = 0;
		};
/* End PBXSourcesBuildPhase section */

/* Begin PBXVariantGroup section */
		B15994F81EA9985000C96F67 /* Main.storyboard */ = {
			isa = PBXVariantGroup;
			children = (
				B15994F91EA9985000C96F67 /* Base */,
			);
			name = Main.storyboard;
			path = ../..;
			sourceTree = "<group>";
		};
		B15994FD1EA9985000C96F67 /* LaunchScreen.storyboard */ = {
			isa = PBXVariantGroup;
			children = (
				B15994FE1EA9985000C96F67 /* Base */,
			);
			name = LaunchScreen.storyboard;
			sourceTree = "<group>";
		};
/* End PBXVariantGroup section */

/* Begin XCBuildConfiguration section */
		B15995011EA9985000C96F67 /* Debug */ = {
			isa = XCBuildConfiguration;
			buildSettings = {
				ALWAYS_SEARCH_USER_PATHS = NO;
				CLANG_ANALYZER_NONNULL = YES;
				CLANG_CXX_LANGUAGE_STANDARD = "gnu++0x";
				CLANG_CXX_LIBRARY = "libc++";
				CLANG_ENABLE_MODULES = YES;
				CLANG_ENABLE_OBJC_ARC = YES;
				CLANG_WARN_BOOL_CONVERSION = YES;
				CLANG_WARN_CONSTANT_CONVERSION = YES;
				CLANG_WARN_DIRECT_OBJC_ISA_USAGE = YES_ERROR;
				CLANG_WARN_DOCUMENTATION_COMMENTS = YES;
				CLANG_WARN_EMPTY_BODY = YES;
				CLANG_WARN_ENUM_CONVERSION = YES;
				CLANG_WARN_INFINITE_RECURSION = YES;
				CLANG_WARN_INT_CONVERSION = YES;
				CLANG_WARN_OBJC_ROOT_CLASS = YES_ERROR;
				CLANG_WARN_SUSPICIOUS_MOVE = YES;
				CLANG_WARN_UNREACHABLE_CODE = YES;
				CLANG_WARN__DUPLICATE_METHOD_MATCH = YES;
				"CODE_SIGN_IDENTITY[sdk=iphoneos*]" = "iPhone Developer";
				COPY_PHASE_STRIP = NO;
				DEBUG_INFORMATION_FORMAT = dwarf;
				ENABLE_STRICT_OBJC_MSGSEND = YES;
				ENABLE_TESTABILITY = YES;
				GCC_C_LANGUAGE_STANDARD = gnu99;
				GCC_DYNAMIC_NO_PIC = NO;
				GCC_NO_COMMON_BLOCKS = YES;
				GCC_OPTIMIZATION_LEVEL = 0;
				GCC_PREPROCESSOR_DEFINITIONS = (
					"DEBUG=1",
					"$(inherited)",
				);
				GCC_WARN_64_TO_32_BIT_CONVERSION = YES;
				GCC_WARN_ABOUT_RETURN_TYPE = YES_ERROR;
				GCC_WARN_UNDECLARED_SELECTOR = YES;
				GCC_WARN_UNINITIALIZED_AUTOS = YES_AGGRESSIVE;
				GCC_WARN_UNUSED_FUNCTION = YES;
				GCC_WARN_UNUSED_VARIABLE = YES;
				IPHONEOS_DEPLOYMENT_TARGET = 10.2;
				MTL_ENABLE_DEBUG_INFO = YES;
				ONLY_ACTIVE_ARCH = YES;
				SDKROOT = iphoneos;
			};
			name = Debug;
		};
		B15995021EA9985000C96F67 /* Release */ = {
			isa = XCBuildConfiguration;
			buildSettings = {
				ALWAYS_SEARCH_USER_PATHS = NO;
				CLANG_ANALYZER_NONNULL = YES;
				CLANG_CXX_LANGUAGE_STANDARD = "gnu++0x";
				CLANG_CXX_LIBRARY = "libc++";
				CLANG_ENABLE_MODULES = YES;
				CLANG_ENABLE_OBJC_ARC = YES;
				CLANG_WARN_BOOL_CONVERSION = YES;
				CLANG_WARN_CONSTANT_CONVERSION = YES;
				CLANG_WARN_DIRECT_OBJC_ISA_USAGE = YES_ERROR;
				CLANG_WARN_DOCUMENTATION_COMMENTS = YES;
				CLANG_WARN_EMPTY_BODY = YES;
				CLANG_WARN_ENUM_CONVERSION = YES;
				CLANG_WARN_INFINITE_RECURSION = YES;
				CLANG_WARN_INT_CONVERSION = YES;
				CLANG_WARN_OBJC_ROOT_CLASS = YES_ERROR;
				CLANG_WARN_SUSPICIOUS_MOVE = YES;
				CLANG_WARN_UNREACHABLE_CODE = YES;
				CLANG_WARN__DUPLICATE_METHOD_MATCH = YES;
				"CODE_SIGN_IDENTITY[sdk=iphoneos*]" = "iPhone Developer";
				COPY_PHASE_STRIP = NO;
				DEBUG_INFORMATION_FORMAT = "dwarf-with-dsym";
				ENABLE_NS_ASSERTIONS = NO;
				ENABLE_STRICT_OBJC_MSGSEND = YES;
				GCC_C_LANGUAGE_STANDARD = gnu99;
				GCC_NO_COMMON_BLOCKS = YES;
				GCC_WARN_64_TO_32_BIT_CONVERSION = YES;
				GCC_WARN_ABOUT_RETURN_TYPE = YES_ERROR;
				GCC_WARN_UNDECLARED_SELECTOR = YES;
				GCC_WARN_UNINITIALIZED_AUTOS = YES_AGGRESSIVE;
				GCC_WARN_UNUSED_FUNCTION = YES;
				GCC_WARN_UNUSED_VARIABLE = YES;
				IPHONEOS_DEPLOYMENT_TARGET = 10.2;
				MTL_ENABLE_DEBUG_INFO = NO;
				SDKROOT = iphoneos;
				VALIDATE_PRODUCT = YES;
			};
			name = Release;
		};
		B15995041EA9985000C96F67 /* Debug */ = {
			isa = XCBuildConfiguration;
			baseConfigurationReference = A751C88905035E820CA70552 /* Pods-sportsMy.debug.xcconfig */;
			buildSettings = {
				ASSETCATALOG_COMPILER_APPICON_NAME = AppIcon;
				DEVELOPMENT_TEAM = C395G32AFM;
				INFOPLIST_FILE = sportsMy/Info.plist;
				LD_RUNPATH_SEARCH_PATHS = "$(inherited) @executable_path/Frameworks";
				PRODUCT_BUNDLE_IDENTIFIER = com.omychic.www.sportsMy;
				PRODUCT_NAME = "$(TARGET_NAME)";
			};
			name = Debug;
		};
		B15995051EA9985000C96F67 /* Release */ = {
			isa = XCBuildConfiguration;
			baseConfigurationReference = 94F53DC91B1804777C047268 /* Pods-sportsMy.release.xcconfig */;
			buildSettings = {
				ASSETCATALOG_COMPILER_APPICON_NAME = AppIcon;
				DEVELOPMENT_TEAM = C395G32AFM;
				INFOPLIST_FILE = sportsMy/Info.plist;
				LD_RUNPATH_SEARCH_PATHS = "$(inherited) @executable_path/Frameworks";
				PRODUCT_BUNDLE_IDENTIFIER = com.omychic.www.sportsMy;
				PRODUCT_NAME = "$(TARGET_NAME)";
			};
			name = Release;
		};
/* End XCBuildConfiguration section */

/* Begin XCConfigurationList section */
		B15994E71EA9985000C96F67 /* Build configuration list for PBXProject "sportsMy" */ = {
			isa = XCConfigurationList;
			buildConfigurations = (
				B15995011EA9985000C96F67 /* Debug */,
				B15995021EA9985000C96F67 /* Release */,
			);
			defaultConfigurationIsVisible = 0;
			defaultConfigurationName = Release;
		};
		B15995031EA9985000C96F67 /* Build configuration list for PBXNativeTarget "sportsMy" */ = {
			isa = XCConfigurationList;
			buildConfigurations = (
				B15995041EA9985000C96F67 /* Debug */,
				B15995051EA9985000C96F67 /* Release */,
			);
			defaultConfigurationIsVisible = 0;
			defaultConfigurationName = Release;
		};
/* End XCConfigurationList section */
	};
	rootObject = B15994E41EA9985000C96F67 /* Project object */;
}
